{
  "name": "financas-aksurim",
  "version": "1.0.0",
  "lockfileVersion": 3,
  "requires": true,
  "packages": {
    "": {
      "name": "financas-aksurim",
      "version": "1.0.0",
      "license": "UNLICENSED",
      "workspaces": [
        "backend",
        "frontend"
      ]
    },
    "backend": {
      "name": "financas-aksurim-backend",
      "version": "1.0.0",
      "license": "UNLICENSED",
      "devDependencies": {}
    },
    "frontend": {
      "name": "financas-aksurim-frontend",
      "version": "1.0.0",
      "license": "UNLICENSED",
      "devDependencies": {}
    },
    "node_modules/financas-aksurim-backend": {
      "resolved": "backend",
      "link": true
    },
    "node_modules/financas-aksurim-frontend": {
      "resolved": "frontend",
      "link": true
    }
  }
}
